// !$*UTF8*$!
{
	archiveVersion = 1;
	classes = {
	};
	objectVersion = 46;
	objects = {

/* Begin PBXBuildFile section */
		44AA4B10136E3C210032B573 /* main.c in Sources */ = {isa = PBXBuildFile; fileRef = 44AA4B0F136E3C210032B573 /* main.c */; };
		44AA4B18136E3C440032B573 /* CoreFoundation.framework in Frameworks */ = {isa = PBXBuildFile; fileRef = 44AA4B17136E3C440032B573 /* CoreFoundation.framework */; };
/* End PBXBuildFile section */

/* Begin PBXCopyFilesBuildPhase section */
		44AA4B09136E3C210032B573 /* CopyFiles */ = {
			isa = PBXCopyFilesBuildPhase;
			buildActionMask = 2147483647;
			dstPath = /usr/share/man/man1/;
			dstSubfolderSpec = 0;
			files = (
			);
			runOnlyForDeploymentPostprocessing = 1;
		};
/* End PBXCopyFilesBuildPhase section */

/* Begin PBXFileReference section */
		44AA4B0B136E3C210032B573 /* Huffman */ = {isa = PBXFileReference; explicitFileType = "compiled.mach-o.executable"; includeInIndex = 0; path = Huffman; sourceTree = BUILT_PRODUCTS_DIR; };
		44AA4B0F136E3C210032B573 /* main.c */ = {isa = PBXFileReference; lastKnownFileType = sourcecode.c.c; path = main.c; sourceTree = "<group>"; };
		44AA4B11136E3C210032B573 /* Huffman.1 */ = {isa = PBXFileReference; lastKnownFileType = text.man; path = Huffman.1; sourceTree = "<group>"; };
		44AA4B17136E3C440032B573 /* CoreFoundation.framework */ = {isa = PBXFileReference; lastKnownFileType = wrapper.framework; name = CoreFoundation.framework; path = System/Library/Frameworks/CoreFoundation.framework; sourceTree = SDKROOT; };
/* End PBXFileReference section */

/* Begin PBXFrameworksBuildPhase section */
		44AA4B08136E3C210032B573 /* Frameworks */ = {
			isa = PBXFrameworksBuildPhase;
			buildActionMask = 2147483647;
			files = (
				44AA4B18136E3C440032B573 /* CoreFoundation.framework in Frameworks */,
			);
			runOnlyForDeploymentPostprocessing = 0;
		};
/* End PBXFrameworksBuildPhase section */

/* Begin PBXGroup section */
		44AA4B00136E3C210032B573 = {
			isa = PBXGroup;
			children = (
				44AA4B17136E3C440032B573 /* CoreFoundation.framework */,
				44AA4B0E136E3C210032B573 /* Huffman */,
				44AA4B0C136E3C210032B573 /* Products */,
			);
			sourceTree = "<group>";
		};
		44AA4B0C136E3C210032B573 /* Products */ = {
			isa = PBXGroup;
			children = (
				44AA4B0B136E3C210032B573 /* Huffman */,
			);
			name = Products;
			sourceTree = "<group>";
		};
		44AA4B0E136E3C210032B573 /* Huffman */ = {
			isa = PBXGroup;
			children = (
				44AA4B0F136E3C210032B573 /* main.c */,
				44AA4B11136E3C210032B573 /* Huffman.1 */,
			);
			path = Huffman;
			sourceTree = "<group>";
		};
/* End PBXGroup section */

/* Begin PBXNativeTarget section */
		44AA4B0A136E3C210032B573 /* Huffman */ = {
			isa = PBXNativeTarget;
			buildConfigurationList = 44AA4B14136E3C210032B573 /* Build configuration list for PBXNativeTarget "Huffman" */;
			buildPhases = (
				44AA4B07136E3C210032B573 /* Sources */,
				44AA4B08136E3C210032B573 /* Frameworks */,
				44AA4B09136E3C210032B573 /* CopyFiles */,
			);
			buildRules = (
			);
			dependencies = (
			);
			name = Huffman;
			productName = Huffman;
			productReference = 44AA4B0B136E3C210032B573 /* Huffman */;
			productType = "com.apple.product-type.tool";
		};
/* End PBXNativeTarget section */

/* Begin PBXProject section */
		44AA4B02136E3C210032B573 /* Project object */ = {
			isa = PBXProject;
			buildConfigurationList = 44AA4B05136E3C210032B573 /* Build configuration list for PBXProject "Huffman" */;
			compatibilityVersion = "Xcode 3.2";
			developmentRegion = English;
			hasScannedForEncodings = 0;
			knownRegions = (
				en,
			);
			mainGroup = 44AA4B00136E3C210032B573;
			productRefGroup = 44AA4B0C136E3C210032B573 /* Products */;
			projectDirPath = "";
			projectRoot = "";
			targets = (
				44AA4B0A136E3C210032B573 /* Huffman */,
			);
		};
/* End PBXProject section */

/* Begin PBXSourcesBuildPhase section */
		44AA4B07136E3C210032B573 /* Sources */ = {
			isa = PBXSourcesBuildPhase;
			buildActionMask = 2147483647;
			files = (
				44AA4B10136E3C210032B573 /* main.c in Sources */,
			);
			runOnlyForDeploymentPostprocessing = 0;
		};
/* End PBXSourcesBuildPhase section */

/* Begin XCBuildConfiguration section */
		44AA4B12136E3C210032B573 /* Debug */ = {
			isa = XCBuildConfiguration;
			buildSettings = {
				ARCHS = "$(ARCHS_STANDARD_32_64_BIT)";
				GCC_C_LANGUAGE_STANDARD = gnu99;
				GCC_OPTIMIZATION_LEVEL = 0;
				GCC_PREPROCESSOR_DEFINITIONS = DEBUG;
				GCC_VERSION = com.apple.compilers.llvm.clang.1_0;
				GCC_WARN_64_TO_32_BIT_CONVERSION = YES;
				GCC_WARN_ABOUT_RETURN_TYPE = YES;
				GCC_WARN_UNUSED_VARIABLE = YES;
				MACOSX_DEPLOYMENT_TARGET = 10.6;
				ONLY_ACTIVE_ARCH = YES;
				SDKROOT = macosx;
			};
			name = Debug;
		};
		44AA4B13136E3C210032B573 /* Release */ = {
			isa = XCBuildConfiguration;
			buildSettings = {
				ARCHS = "$(ARCHS_STANDARD_32_64_BIT)";
				GCC_C_LANGUAGE_STANDARD = gnu99;
				GCC_VERSION = com.apple.compilers.llvm.clang.1_0;
				GCC_WARN_64_TO_32_BIT_CONVERSION = YES;
				GCC_WARN_ABOUT_RETURN_TYPE = YES;
				GCC_WARN_UNUSED_VARIABLE = YES;
				MACOSX_DEPLOYMENT_TARGET = 10.6;
				SDKROOT = macosx;
			};
			name = Release;
		};
		44AA4B15136E3C210032B573 /* Debug */ = {
			isa = XCBuildConfiguration;
			buildSettings = {
				ALWAYS_SEARCH_USER_PATHS = NO;
				COPY_PHASE_STRIP = NO;
				GCC_DYNAMIC_NO_PIC = NO;
				GCC_ENABLE_OBJC_EXCEPTIONS = YES;
				PRODUCT_NAME = "$(TARGET_NAME)";
			};
			name = Debug;
		};
		44AA4B16136E3C210032B573 /* Release */ = {
			isa = XCBuildConfiguration;
			buildSettings = {
				ALWAYS_SEARCH_USER_PATHS = NO;
				COPY_PHASE_STRIP = YES;
				DEBUG_INFORMATION_FORMAT = "dwarf-with-dsym";
				GCC_ENABLE_OBJC_EXCEPTIONS = YES;
				PRODUCT_NAME = "$(TARGET_NAME)";
			};
			name = Release;
		};
/* End XCBuildConfiguration section */

/* Begin XCConfigurationList section */
		44AA4B05136E3C210032B573 /* Build configuration list for PBXProject "Huffman" */ = {
			isa = XCConfigurationList;
			buildConfigurations = (
				44AA4B12136E3C210032B573 /* Debug */,
				44AA4B13136E3C210032B573 /* Release */,
			);
			defaultConfigurationIsVisible = 0;
			defaultConfigurationName = Release;
		};
		44AA4B14136E3C210032B573 /* Build configuration list for PBXNativeTarget "Huffman" */ = {
			isa = XCConfigurationList;
			buildConfigurations = (
				44AA4B15136E3C210032B573 /* Debug */,
				44AA4B16136E3C210032B573 /* Release */,
			);
			defaultConfigurationIsVisible = 0;
		};
/* End XCConfigurationList section */
	};
	rootObject = 44AA4B02136E3C210032B573 /* Project object */;
}
